
Microsoft Visual Studio Solution File, Format Version 12.00
# Visual Studio 2013
VisualStudioVersion = 12.0.30501.0
MinimumVisualStudioVersion = 10.0.40219.1
Project("{FAE04EC0-301F-11D3-BF4B-00C04F79EFBC}") = "ClinicsProgram", "Clinics\ClinicsProgram.csproj", "{D4C53EF8-3B9E-4590-97D4-B13FC56B7DB2}"
EndProject
Project("{FAE04EC0-301F-11D3-BF4B-00C04F79EFBC}") = "Clinics.Data", "Clinics.Data\Clinics.Data.csproj", "{67CEBDF2-CADD-4E0B-81E4-CCEB50C41306}"
EndProject
Project("{FAE04EC0-301F-11D3-BF4B-00C04F79EFBC}") = "Clinics.Models", "Clinics.Models\Clinics.Models.csproj", "{230867D0-9F01-4E37-8CD6-DA8BB60296E1}"
EndProject
Project("{FAE04EC0-301F-11D3-BF4B-00C04F79EFBC}") = "Clinics.Operations", "Clinics.Operations\Clinics.Operations.csproj", "{BC09925A-9F6C-43F8-9187-7562263F8FFB}"
EndProject
Project("{FAE04EC0-301F-11D3-BF4B-00C04F79EFBC}") = "Clinics.MySQLModels", "Clinics.MySQLModels\Clinics.MySQLModels.csproj", "{C50145E6-A244-4F1F-B41F-90D1925B4A00}"
EndProject
Global
	GlobalSection(SolutionConfigurationPlatforms) = preSolution
		Debug|Any CPU = Debug|Any CPU
		Release|Any CPU = Release|Any CPU
	EndGlobalSection
	GlobalSection(ProjectConfigurationPlatforms) = postSolution
		{D4C53EF8-3B9E-4590-97D4-B13FC56B7DB2}.Debug|Any CPU.ActiveCfg = Debug|Any CPU
		{D4C53EF8-3B9E-4590-97D4-B13FC56B7DB2}.Debug|Any CPU.Build.0 = Debug|Any CPU
		{D4C53EF8-3B9E-4590-97D4-B13FC56B7DB2}.Release|Any CPU.ActiveCfg = Release|Any CPU
		{D4C53EF8-3B9E-4590-97D4-B13FC56B7DB2}.Release|Any CPU.Build.0 = Release|Any CPU
		{67CEBDF2-CADD-4E0B-81E4-CCEB50C41306}.Debug|Any CPU.ActiveCfg = Debug|Any CPU
		{67CEBDF2-CADD-4E0B-81E4-CCEB50C41306}.Debug|Any CPU.Build.0 = Debug|Any CPU
		{67CEBDF2-CADD-4E0B-81E4-CCEB50C41306}.Release|Any CPU.ActiveCfg = Release|Any CPU
		{67CEBDF2-CADD-4E0B-81E4-CCEB50C41306}.Release|Any CPU.Build.0 = Release|Any CPU
		{230867D0-9F01-4E37-8CD6-DA8BB60296E1}.Debug|Any CPU.ActiveCfg = Debug|Any CPU
		{230867D0-9F01-4E37-8CD6-DA8BB60296E1}.Debug|Any CPU.Build.0 = Debug|Any CPU
		{230867D0-9F01-4E37-8CD6-DA8BB60296E1}.Release|Any CPU.ActiveCfg = Release|Any CPU
		{230867D0-9F01-4E37-8CD6-DA8BB60296E1}.Release|Any CPU.Build.0 = Release|Any CPU
		{BC09925A-9F6C-43F8-9187-7562263F8FFB}.Debug|Any CPU.ActiveCfg = Debug|Any CPU
		{BC09925A-9F6C-43F8-9187-7562263F8FFB}.Debug|Any CPU.Build.0 = Debug|Any CPU
		{BC09925A-9F6C-43F8-9187-7562263F8FFB}.Release|Any CPU.ActiveCfg = Release|Any CPU
		{BC09925A-9F6C-43F8-9187-7562263F8FFB}.Release|Any CPU.Build.0 = Release|Any CPU
		{C50145E6-A244-4F1F-B41F-90D1925B4A00}.Debug|Any CPU.ActiveCfg = Debug|Any CPU
		{C50145E6-A244-4F1F-B41F-90D1925B4A00}.Debug|Any CPU.Build.0 = Debug|Any CPU
		{C50145E6-A244-4F1F-B41F-90D1925B4A00}.Release|Any CPU.ActiveCfg = Release|Any CPU
		{C50145E6-A244-4F1F-B41F-90D1925B4A00}.Release|Any CPU.Build.0 = Release|Any CPU
	EndGlobalSection
	GlobalSection(SolutionProperties) = preSolution
		HideSolutionNode = FALSE
	EndGlobalSection
EndGlobal
